
Microsoft Visual Studio Solution File, Format Version 12.00
# Visual Studio Version 16
VisualStudioVersion = 16.0.30114.105
MinimumVisualStudioVersion = 10.0.40219.1
Project("{FAE04EC0-301F-11D3-BF4B-00C04F79EFBC}") = "Utility", "Utility\Utility.csproj", "{2EED000F-C81E-4060-9043-7DBB73FF300D}"
EndProject
Project("{FAE04EC0-301F-11D3-BF4B-00C04F79EFBC}") = "Day1", "Day1\Day1.csproj", "{2A999195-F420-437C-9291-F35E77AEE26F}"
EndProject
Project("{FAE04EC0-301F-11D3-BF4B-00C04F79EFBC}") = "Day2", "Day2\Day2.csproj", "{94D728AA-9B0E-49D8-82D5-2A90FA14557D}"
EndProject
Project("{FAE04EC0-301F-11D3-BF4B-00C04F79EFBC}") = "Day3", "Day3\Day3.csproj", "{C28A0532-5CF6-47CD-BC01-388C51B05367}"
EndProject
Project("{FAE04EC0-301F-11D3-BF4B-00C04F79EFBC}") = "Day4", "Day4\Day4.csproj", "{FA429F93-063E-49F7-BA91-46073B11BAAC}"
EndProject
Project("{FAE04EC0-301F-11D3-BF4B-00C04F79EFBC}") = "Day5", "Day5\Day5.csproj", "{B5F3BC12-2037-4B7A-A19E-0B8F962738AF}"
EndProject
Project("{FAE04EC0-301F-11D3-BF4B-00C04F79EFBC}") = "Day6", "Day6\Day6.csproj", "{BA9CB61E-2CC1-463F-9A05-CD739D2047AA}"
EndProject
Global
	GlobalSection(SolutionConfigurationPlatforms) = preSolution
		Debug|Any CPU = Debug|Any CPU
		Debug|x64 = Debug|x64
		Debug|x86 = Debug|x86
		Release|Any CPU = Release|Any CPU
		Release|x64 = Release|x64
		Release|x86 = Release|x86
	EndGlobalSection
	GlobalSection(SolutionProperties) = preSolution
		HideSolutionNode = FALSE
	EndGlobalSection
	GlobalSection(ProjectConfigurationPlatforms) = postSolution
		{2EED000F-C81E-4060-9043-7DBB73FF300D}.Debug|Any CPU.ActiveCfg = Debug|Any CPU
		{2EED000F-C81E-4060-9043-7DBB73FF300D}.Debug|Any CPU.Build.0 = Debug|Any CPU
		{2EED000F-C81E-4060-9043-7DBB73FF300D}.Debug|x64.ActiveCfg = Debug|Any CPU
		{2EED000F-C81E-4060-9043-7DBB73FF300D}.Debug|x64.Build.0 = Debug|Any CPU
		{2EED000F-C81E-4060-9043-7DBB73FF300D}.Debug|x86.ActiveCfg = Debug|Any CPU
		{2EED000F-C81E-4060-9043-7DBB73FF300D}.Debug|x86.Build.0 = Debug|Any CPU
		{2EED000F-C81E-4060-9043-7DBB73FF300D}.Release|Any CPU.ActiveCfg = Release|Any CPU
		{2EED000F-C81E-4060-9043-7DBB73FF300D}.Release|Any CPU.Build.0 = Release|Any CPU
		{2EED000F-C81E-4060-9043-7DBB73FF300D}.Release|x64.ActiveCfg = Release|Any CPU
		{2EED000F-C81E-4060-9043-7DBB73FF300D}.Release|x64.Build.0 = Release|Any CPU
		{2EED000F-C81E-4060-9043-7DBB73FF300D}.Release|x86.ActiveCfg = Release|Any CPU
		{2EED000F-C81E-4060-9043-7DBB73FF300D}.Release|x86.Build.0 = Release|Any CPU
		{2A999195-F420-437C-9291-F35E77AEE26F}.Debug|Any CPU.ActiveCfg = Debug|Any CPU
		{2A999195-F420-437C-9291-F35E77AEE26F}.Debug|Any CPU.Build.0 = Debug|Any CPU
		{2A999195-F420-437C-9291-F35E77AEE26F}.Debug|x64.ActiveCfg = Debug|Any CPU
		{2A999195-F420-437C-9291-F35E77AEE26F}.Debug|x64.Build.0 = Debug|Any CPU
		{2A999195-F420-437C-9291-F35E77AEE26F}.Debug|x86.ActiveCfg = Debug|Any CPU
		{2A999195-F420-437C-9291-F35E77AEE26F}.Debug|x86.Build.0 = Debug|Any CPU
		{2A999195-F420-437C-9291-F35E77AEE26F}.Release|Any CPU.ActiveCfg = Release|Any CPU
		{2A999195-F420-437C-9291-F35E77AEE26F}.Release|Any CPU.Build.0 = Release|Any CPU
		{2A999195-F420-437C-9291-F35E77AEE26F}.Release|x64.ActiveCfg = Release|Any CPU
		{2A999195-F420-437C-9291-F35E77AEE26F}.Release|x64.Build.0 = Release|Any CPU
		{2A999195-F420-437C-9291-F35E77AEE26F}.Release|x86.ActiveCfg = Release|Any CPU
		{2A999195-F420-437C-9291-F35E77AEE26F}.Release|x86.Build.0 = Release|Any CPU
		{94D728AA-9B0E-49D8-82D5-2A90FA14557D}.Debug|Any CPU.ActiveCfg = Debug|Any CPU
		{94D728AA-9B0E-49D8-82D5-2A90FA14557D}.Debug|Any CPU.Build.0 = Debug|Any CPU
		{94D728AA-9B0E-49D8-82D5-2A90FA14557D}.Debug|x64.ActiveCfg = Debug|Any CPU
		{94D728AA-9B0E-49D8-82D5-2A90FA14557D}.Debug|x64.Build.0 = Debug|Any CPU
		{94D728AA-9B0E-49D8-82D5-2A90FA14557D}.Debug|x86.ActiveCfg = Debug|Any CPU
		{94D728AA-9B0E-49D8-82D5-2A90FA14557D}.Debug|x86.Build.0 = Debug|Any CPU
		{94D728AA-9B0E-49D8-82D5-2A90FA14557D}.Release|Any CPU.ActiveCfg = Release|Any CPU
		{94D728AA-9B0E-49D8-82D5-2A90FA14557D}.Release|Any CPU.Build.0 = Release|Any CPU
		{94D728AA-9B0E-49D8-82D5-2A90FA14557D}.Release|x64.ActiveCfg = Release|Any CPU
		{94D728AA-9B0E-49D8-82D5-2A90FA14557D}.Release|x64.Build.0 = Release|Any CPU
		{94D728AA-9B0E-49D8-82D5-2A90FA14557D}.Release|x86.ActiveCfg = Release|Any CPU
		{94D728AA-9B0E-49D8-82D5-2A90FA14557D}.Release|x86.Build.0 = Release|Any CPU
		{C28A0532-5CF6-47CD-BC01-388C51B05367}.Debug|Any CPU.ActiveCfg = Debug|Any CPU
		{C28A0532-5CF6-47CD-BC01-388C51B05367}.Debug|Any CPU.Build.0 = Debug|Any CPU
		{C28A0532-5CF6-47CD-BC01-388C51B05367}.Debug|x64.ActiveCfg = Debug|Any CPU
		{C28A0532-5CF6-47CD-BC01-388C51B05367}.Debug|x64.Build.0 = Debug|Any CPU
		{C28A0532-5CF6-47CD-BC01-388C51B05367}.Debug|x86.ActiveCfg = Debug|Any CPU
		{C28A0532-5CF6-47CD-BC01-388C51B05367}.Debug|x86.Build.0 = Debug|Any CPU
		{C28A0532-5CF6-47CD-BC01-388C51B05367}.Release|Any CPU.ActiveCfg = Release|Any CPU
		{C28A0532-5CF6-47CD-BC01-388C51B05367}.Release|Any CPU.Build.0 = Release|Any CPU
		{C28A0532-5CF6-47CD-BC01-388C51B05367}.Release|x64.ActiveCfg = Release|Any CPU
		{C28A0532-5CF6-47CD-BC01-388C51B05367}.Release|x64.Build.0 = Release|Any CPU
		{C28A0532-5CF6-47CD-BC01-388C51B05367}.Release|x86.ActiveCfg = Release|Any CPU
		{C28A0532-5CF6-47CD-BC01-388C51B05367}.Release|x86.Build.0 = Release|Any CPU
		{FA429F93-063E-49F7-BA91-46073B11BAAC}.Debug|Any CPU.ActiveCfg = Debug|Any CPU
		{FA429F93-063E-49F7-BA91-46073B11BAAC}.Debug|Any CPU.Build.0 = Debug|Any CPU
		{FA429F93-063E-49F7-BA91-46073B11BAAC}.Debug|x64.ActiveCfg = Debug|Any CPU
		{FA429F93-063E-49F7-BA91-46073B11BAAC}.Debug|x64.Build.0 = Debug|Any CPU
		{FA429F93-063E-49F7-BA91-46073B11BAAC}.Debug|x86.ActiveCfg = Debug|Any CPU
		{FA429F93-063E-49F7-BA91-46073B11BAAC}.Debug|x86.Build.0 = Debug|Any CPU
		{FA429F93-063E-49F7-BA91-46073B11BAAC}.Release|Any CPU.ActiveCfg = Release|Any CPU
		{FA429F93-063E-49F7-BA91-46073B11BAAC}.Release|Any CPU.Build.0 = Release|Any CPU
		{FA429F93-063E-49F7-BA91-46073B11BAAC}.Release|x64.ActiveCfg = Release|Any CPU
		{FA429F93-063E-49F7-BA91-46073B11BAAC}.Release|x64.Build.0 = Release|Any CPU
		{FA429F93-063E-49F7-BA91-46073B11BAAC}.Release|x86.ActiveCfg = Release|Any CPU
		{FA429F93-063E-49F7-BA91-46073B11BAAC}.Release|x86.Build.0 = Release|Any CPU
		{B5F3BC12-2037-4B7A-A19E-0B8F962738AF}.Debug|Any CPU.ActiveCfg = Debug|Any CPU
		{B5F3BC12-2037-4B7A-A19E-0B8F962738AF}.Debug|Any CPU.Build.0 = Debug|Any CPU
		{B5F3BC12-2037-4B7A-A19E-0B8F962738AF}.Debug|x64.ActiveCfg = Debug|Any CPU
		{B5F3BC12-2037-4B7A-A19E-0B8F962738AF}.Debug|x64.Build.0 = Debug|Any CPU
		{B5F3BC12-2037-4B7A-A19E-0B8F962738AF}.Debug|x86.ActiveCfg = Debug|Any CPU
		{B5F3BC12-2037-4B7A-A19E-0B8F962738AF}.Debug|x86.Build.0 = Debug|Any CPU
		{B5F3BC12-2037-4B7A-A19E-0B8F962738AF}.Release|Any CPU.ActiveCfg = Release|Any CPU
		{B5F3BC12-2037-4B7A-A19E-0B8F962738AF}.Release|Any CPU.Build.0 = Release|Any CPU
		{B5F3BC12-2037-4B7A-A19E-0B8F962738AF}.Release|x64.ActiveCfg = Release|Any CPU
		{B5F3BC12-2037-4B7A-A19E-0B8F962738AF}.Release|x64.Build.0 = Release|Any CPU
		{B5F3BC12-2037-4B7A-A19E-0B8F962738AF}.Release|x86.ActiveCfg = Release|Any CPU
		{B5F3BC12-2037-4B7A-A19E-0B8F962738AF}.Release|x86.Build.0 = Release|Any CPU
		{BA9CB61E-2CC1-463F-9A05-CD739D2047AA}.Debug|Any CPU.ActiveCfg = Debug|Any CPU
		{BA9CB61E-2CC1-463F-9A05-CD739D2047AA}.Debug|Any CPU.Build.0 = Debug|Any CPU
		{BA9CB61E-2CC1-463F-9A05-CD739D2047AA}.Debug|x64.ActiveCfg = Debug|Any CPU
		{BA9CB61E-2CC1-463F-9A05-CD739D2047AA}.Debug|x64.Build.0 = Debug|Any CPU
		{BA9CB61E-2CC1-463F-9A05-CD739D2047AA}.Debug|x86.ActiveCfg = Debug|Any CPU
		{BA9CB61E-2CC1-463F-9A05-CD739D2047AA}.Debug|x86.Build.0 = Debug|Any CPU
		{BA9CB61E-2CC1-463F-9A05-CD739D2047AA}.Release|Any CPU.ActiveCfg = Release|Any CPU
		{BA9CB61E-2CC1-463F-9A05-CD739D2047AA}.Release|Any CPU.Build.0 = Release|Any CPU
		{BA9CB61E-2CC1-463F-9A05-CD739D2047AA}.Release|x64.ActiveCfg = Release|Any CPU
		{BA9CB61E-2CC1-463F-9A05-CD739D2047AA}.Release|x64.Build.0 = Release|Any CPU
		{BA9CB61E-2CC1-463F-9A05-CD739D2047AA}.Release|x86.ActiveCfg = Release|Any CPU
		{BA9CB61E-2CC1-463F-9A05-CD739D2047AA}.Release|x86.Build.0 = Release|Any CPU
	EndGlobalSection
EndGlobal
